
Microsoft Visual Studio Solution File, Format Version 12.00
# Visual Studio Version 17
VisualStudioVersion = 17.14.36511.14 d17.14
MinimumVisualStudioVersion = 10.0.40219.1
Project("{8BC9CEB8-8B4A-11D0-8D11-00A0C91BC942}") = "11.7", "11.7\11.7.vcxproj", "{8A4EC651-7887-4B2F-8E50-99D50ED6A9D6}"
EndProject
Global
	GlobalSection(SolutionConfigurationPlatforms) = preSolution
		Debug|x64 = Debug|x64
		Debug|x86 = Debug|x86
		Release|x64 = Release|x64
		Release|x86 = Release|x86
	EndGlobalSection
	GlobalSection(ProjectConfigurationPlatforms) = postSolution
		{8A4EC651-7887-4B2F-8E50-99D50ED6A9D6}.Debug|x64.ActiveCfg = Debug|x64
		{8A4EC651-7887-4B2F-8E50-99D50ED6A9D6}.Debug|x64.Build.0 = Debug|x64
		{8A4EC651-7887-4B2F-8E50-99D50ED6A9D6}.Debug|x86.ActiveCfg = Debug|Win32
		{8A4EC651-7887-4B2F-8E50-99D50ED6A9D6}.Debug|x86.Build.0 = Debug|Win32
		{8A4EC651-7887-4B2F-8E50-99D50ED6A9D6}.Release|x64.ActiveCfg = Release|x64
		{8A4EC651-7887-4B2F-8E50-99D50ED6A9D6}.Release|x64.Build.0 = Release|x64
		{8A4EC651-7887-4B2F-8E50-99D50ED6A9D6}.Release|x86.ActiveCfg = Release|Win32
		{8A4EC651-7887-4B2F-8E50-99D50ED6A9D6}.Release|x86.Build.0 = Release|Win32
	EndGlobalSection
	GlobalSection(SolutionProperties) = preSolution
		HideSolutionNode = FALSE
	EndGlobalSection
	GlobalSection(ExtensibilityGlobals) = postSolution
		SolutionGuid = {426EAD29-8653-4610-9B0B-A68D621850EE}
	EndGlobalSection
EndGlobal
