
Microsoft Visual Studio Solution File, Format Version 12.00
# Visual Studio Version 17
VisualStudioVersion = 17.14.36511.14 d17.14
MinimumVisualStudioVersion = 10.0.40219.1
Project("{8BC9CEB8-8B4A-11D0-8D11-00A0C91BC942}") = "最简单的2048", "最简单的2048\最简单的2048.vcxproj", "{FFC69819-ECB3-4029-BADD-D70E64F17C70}"
EndProject
Global
	GlobalSection(SolutionConfigurationPlatforms) = preSolution
		Debug|x64 = Debug|x64
		Debug|x86 = Debug|x86
		Release|x64 = Release|x64
		Release|x86 = Release|x86
	EndGlobalSection
	GlobalSection(ProjectConfigurationPlatforms) = postSolution
		{FFC69819-ECB3-4029-BADD-D70E64F17C70}.Debug|x64.ActiveCfg = Debug|x64
		{FFC69819-ECB3-4029-BADD-D70E64F17C70}.Debug|x64.Build.0 = Debug|x64
		{FFC69819-ECB3-4029-BADD-D70E64F17C70}.Debug|x86.ActiveCfg = Debug|Win32
		{FFC69819-ECB3-4029-BADD-D70E64F17C70}.Debug|x86.Build.0 = Debug|Win32
		{FFC69819-ECB3-4029-BADD-D70E64F17C70}.Release|x64.ActiveCfg = Release|x64
		{FFC69819-ECB3-4029-BADD-D70E64F17C70}.Release|x64.Build.0 = Release|x64
		{FFC69819-ECB3-4029-BADD-D70E64F17C70}.Release|x86.ActiveCfg = Release|Win32
		{FFC69819-ECB3-4029-BADD-D70E64F17C70}.Release|x86.Build.0 = Release|Win32
	EndGlobalSection
	GlobalSection(SolutionProperties) = preSolution
		HideSolutionNode = FALSE
	EndGlobalSection
	GlobalSection(ExtensibilityGlobals) = postSolution
		SolutionGuid = {4119C722-6012-43DB-BA22-58F9AA5C67B6}
	EndGlobalSection
EndGlobal
