
Microsoft Visual Studio Solution File, Format Version 12.00
# Visual Studio Version 17
VisualStudioVersion = 17.14.36705.20 d17.14
MinimumVisualStudioVersion = 10.0.40219.1
Project("{8BC9CEB8-8B4A-11D0-8D11-00A0C91BC942}") = "12.2.2", "12.2.2\12.2.2.vcxproj", "{7ABEF4B2-BA3F-42B5-A446-6B5C721C4E72}"
EndProject
Global
	GlobalSection(SolutionConfigurationPlatforms) = preSolution
		Debug|x64 = Debug|x64
		Debug|x86 = Debug|x86
		Release|x64 = Release|x64
		Release|x86 = Release|x86
	EndGlobalSection
	GlobalSection(ProjectConfigurationPlatforms) = postSolution
		{7ABEF4B2-BA3F-42B5-A446-6B5C721C4E72}.Debug|x64.ActiveCfg = Debug|x64
		{7ABEF4B2-BA3F-42B5-A446-6B5C721C4E72}.Debug|x64.Build.0 = Debug|x64
		{7ABEF4B2-BA3F-42B5-A446-6B5C721C4E72}.Debug|x86.ActiveCfg = Debug|Win32
		{7ABEF4B2-BA3F-42B5-A446-6B5C721C4E72}.Debug|x86.Build.0 = Debug|Win32
		{7ABEF4B2-BA3F-42B5-A446-6B5C721C4E72}.Release|x64.ActiveCfg = Release|x64
		{7ABEF4B2-BA3F-42B5-A446-6B5C721C4E72}.Release|x64.Build.0 = Release|x64
		{7ABEF4B2-BA3F-42B5-A446-6B5C721C4E72}.Release|x86.ActiveCfg = Release|Win32
		{7ABEF4B2-BA3F-42B5-A446-6B5C721C4E72}.Release|x86.Build.0 = Release|Win32
	EndGlobalSection
	GlobalSection(SolutionProperties) = preSolution
		HideSolutionNode = FALSE
	EndGlobalSection
	GlobalSection(ExtensibilityGlobals) = postSolution
		SolutionGuid = {9E895BA1-AAD6-4D15-BC43-703BB9F74FFA}
	EndGlobalSection
EndGlobal
